
Microsoft Visual Studio Solution File, Format Version 12.00
# Visual Studio Version 17
VisualStudioVersion = 17.9.34728.123
MinimumVisualStudioVersion = 10.0.40219.1
Project("{9A19103F-16F7-4668-BE54-9A1E7A4F7556}") = "ListBoxSampleTest.Wpf", "ListBoxSampleTest.Wpf\ListBoxSampleTest.Wpf.csproj", "{39040214-2F46-45C5-82BD-F316BA187C54}"
EndProject
Project("{9A19103F-16F7-4668-BE54-9A1E7A4F7556}") = "ListBoxSampleTest.Shared", "ListBoxSampleTest.Shared\ListBoxSampleTest.Shared.csproj", "{AC26891F-8C01-4076-96EC-CB9FFB13856F}"
EndProject
Project("{9A19103F-16F7-4668-BE54-9A1E7A4F7556}") = "ListBoxSampleTest.Avalonia", "ListBoxSampleTest.Avalonia\ListBoxSampleTest.Avalonia.csproj", "{353E84FA-8FA5-4FBC-91E0-E023DF3D43CE}"
EndProject
Project("{2150E333-8FDC-42A3-9474-1A3956D46DE8}") = "Lotto", "Lotto", "{080FB3AF-9FD5-4B1F-95E0-39576478972F}"
EndProject
Project("{2150E333-8FDC-42A3-9474-1A3956D46DE8}") = "DataGrid", "DataGrid", "{106B0813-7F99-44E0-A969-F40BF7829931}"
EndProject
Project("{9A19103F-16F7-4668-BE54-9A1E7A4F7556}") = "DataGridSampleTest.Wpf", "DataGridSampleTest.Wpf\DataGridSampleTest.Wpf.csproj", "{37363532-8F57-46AD-91E6-B1067A08B5CD}"
EndProject
Project("{9A19103F-16F7-4668-BE54-9A1E7A4F7556}") = "DataGridSampleTest.Shared", "DataGridSampleTest.Shared\DataGridSampleTest.Shared.csproj", "{C0224014-F6C7-48B2-9B88-C8BC771C4711}"
EndProject
Project("{9A19103F-16F7-4668-BE54-9A1E7A4F7556}") = "DataGridSampleTest.Avalonia", "DataGridSampleTest.Avalonia\DataGridSampleTest.Avalonia.csproj", "{F9F8732A-B3A9-4F78-B990-3B6830273A1D}"
EndProject
Project("{2150E333-8FDC-42A3-9474-1A3956D46DE8}") = "번외", "번외", "{04B4693C-A618-45EE-8E00-83F617D92D13}"
EndProject
Project("{FAE04EC0-301F-11D3-BF4B-00C04F79EFBC}") = "ListBoxAvalonia", "ListBoxAvalonia\ListBoxAvalonia\ListBoxAvalonia.csproj", "{049775A4-94B8-489B-98A9-0E158F0D16E4}"
EndProject
Project("{FAE04EC0-301F-11D3-BF4B-00C04F79EFBC}") = "ListBoxAvalonia.Android", "ListBoxAvalonia\ListBoxAvalonia.Android\ListBoxAvalonia.Android.csproj", "{17A4F559-DE63-40CE-B01C-17B940C26FA4}"
EndProject
Project("{FAE04EC0-301F-11D3-BF4B-00C04F79EFBC}") = "ListBoxAvalonia.Desktop", "ListBoxAvalonia\ListBoxAvalonia.Desktop\ListBoxAvalonia.Desktop.csproj", "{5DDC879D-E1A5-419C-A903-13BA2CA2A6F0}"
EndProject
Project("{FAE04EC0-301F-11D3-BF4B-00C04F79EFBC}") = "ListBoxAvalonia.iOS", "ListBoxAvalonia\ListBoxAvalonia.iOS\ListBoxAvalonia.iOS.csproj", "{38E7DBB1-F4D1-46D2-9FD3-9EE2845DA14D}"
EndProject
Project("{FAE04EC0-301F-11D3-BF4B-00C04F79EFBC}") = "ListBoxAvalonia.Browser", "ListBoxAvalonia\ListBoxAvalonia.Browser\ListBoxAvalonia.Browser.csproj", "{42E03A12-E0A5-4167-BADA-E8C146A09AB1}"
EndProject
Global
	GlobalSection(SolutionConfigurationPlatforms) = preSolution
		Debug|Any CPU = Debug|Any CPU
		Release|Any CPU = Release|Any CPU
	EndGlobalSection
	GlobalSection(ProjectConfigurationPlatforms) = postSolution
		{39040214-2F46-45C5-82BD-F316BA187C54}.Debug|Any CPU.ActiveCfg = Debug|Any CPU
		{39040214-2F46-45C5-82BD-F316BA187C54}.Debug|Any CPU.Build.0 = Debug|Any CPU
		{39040214-2F46-45C5-82BD-F316BA187C54}.Release|Any CPU.ActiveCfg = Release|Any CPU
		{39040214-2F46-45C5-82BD-F316BA187C54}.Release|Any CPU.Build.0 = Release|Any CPU
		{AC26891F-8C01-4076-96EC-CB9FFB13856F}.Debug|Any CPU.ActiveCfg = Debug|Any CPU
		{AC26891F-8C01-4076-96EC-CB9FFB13856F}.Debug|Any CPU.Build.0 = Debug|Any CPU
		{AC26891F-8C01-4076-96EC-CB9FFB13856F}.Release|Any CPU.ActiveCfg = Release|Any CPU
		{AC26891F-8C01-4076-96EC-CB9FFB13856F}.Release|Any CPU.Build.0 = Release|Any CPU
		{353E84FA-8FA5-4FBC-91E0-E023DF3D43CE}.Debug|Any CPU.ActiveCfg = Debug|Any CPU
		{353E84FA-8FA5-4FBC-91E0-E023DF3D43CE}.Debug|Any CPU.Build.0 = Debug|Any CPU
		{353E84FA-8FA5-4FBC-91E0-E023DF3D43CE}.Release|Any CPU.ActiveCfg = Release|Any CPU
		{353E84FA-8FA5-4FBC-91E0-E023DF3D43CE}.Release|Any CPU.Build.0 = Release|Any CPU
		{37363532-8F57-46AD-91E6-B1067A08B5CD}.Debug|Any CPU.ActiveCfg = Debug|Any CPU
		{37363532-8F57-46AD-91E6-B1067A08B5CD}.Debug|Any CPU.Build.0 = Debug|Any CPU
		{37363532-8F57-46AD-91E6-B1067A08B5CD}.Release|Any CPU.ActiveCfg = Release|Any CPU
		{37363532-8F57-46AD-91E6-B1067A08B5CD}.Release|Any CPU.Build.0 = Release|Any CPU
		{C0224014-F6C7-48B2-9B88-C8BC771C4711}.Debug|Any CPU.ActiveCfg = Debug|Any CPU
		{C0224014-F6C7-48B2-9B88-C8BC771C4711}.Debug|Any CPU.Build.0 = Debug|Any CPU
		{C0224014-F6C7-48B2-9B88-C8BC771C4711}.Release|Any CPU.ActiveCfg = Release|Any CPU
		{C0224014-F6C7-48B2-9B88-C8BC771C4711}.Release|Any CPU.Build.0 = Release|Any CPU
		{F9F8732A-B3A9-4F78-B990-3B6830273A1D}.Debug|Any CPU.ActiveCfg = Debug|Any CPU
		{F9F8732A-B3A9-4F78-B990-3B6830273A1D}.Debug|Any CPU.Build.0 = Debug|Any CPU
		{F9F8732A-B3A9-4F78-B990-3B6830273A1D}.Release|Any CPU.ActiveCfg = Release|Any CPU
		{F9F8732A-B3A9-4F78-B990-3B6830273A1D}.Release|Any CPU.Build.0 = Release|Any CPU
		{049775A4-94B8-489B-98A9-0E158F0D16E4}.Debug|Any CPU.ActiveCfg = Debug|Any CPU
		{049775A4-94B8-489B-98A9-0E158F0D16E4}.Debug|Any CPU.Build.0 = Debug|Any CPU
		{049775A4-94B8-489B-98A9-0E158F0D16E4}.Release|Any CPU.ActiveCfg = Release|Any CPU
		{049775A4-94B8-489B-98A9-0E158F0D16E4}.Release|Any CPU.Build.0 = Release|Any CPU
		{17A4F559-DE63-40CE-B01C-17B940C26FA4}.Debug|Any CPU.ActiveCfg = Debug|Any CPU
		{17A4F559-DE63-40CE-B01C-17B940C26FA4}.Debug|Any CPU.Build.0 = Debug|Any CPU
		{17A4F559-DE63-40CE-B01C-17B940C26FA4}.Debug|Any CPU.Deploy.0 = Debug|Any CPU
		{17A4F559-DE63-40CE-B01C-17B940C26FA4}.Release|Any CPU.ActiveCfg = Release|Any CPU
		{17A4F559-DE63-40CE-B01C-17B940C26FA4}.Release|Any CPU.Build.0 = Release|Any CPU
		{17A4F559-DE63-40CE-B01C-17B940C26FA4}.Release|Any CPU.Deploy.0 = Release|Any CPU
		{5DDC879D-E1A5-419C-A903-13BA2CA2A6F0}.Debug|Any CPU.ActiveCfg = Debug|Any CPU
		{5DDC879D-E1A5-419C-A903-13BA2CA2A6F0}.Debug|Any CPU.Build.0 = Debug|Any CPU
		{5DDC879D-E1A5-419C-A903-13BA2CA2A6F0}.Release|Any CPU.ActiveCfg = Release|Any CPU
		{5DDC879D-E1A5-419C-A903-13BA2CA2A6F0}.Release|Any CPU.Build.0 = Release|Any CPU
		{38E7DBB1-F4D1-46D2-9FD3-9EE2845DA14D}.Debug|Any CPU.ActiveCfg = Debug|Any CPU
		{38E7DBB1-F4D1-46D2-9FD3-9EE2845DA14D}.Debug|Any CPU.Build.0 = Debug|Any CPU
		{38E7DBB1-F4D1-46D2-9FD3-9EE2845DA14D}.Debug|Any CPU.Deploy.0 = Debug|Any CPU
		{38E7DBB1-F4D1-46D2-9FD3-9EE2845DA14D}.Release|Any CPU.ActiveCfg = Release|Any CPU
		{38E7DBB1-F4D1-46D2-9FD3-9EE2845DA14D}.Release|Any CPU.Build.0 = Release|Any CPU
		{38E7DBB1-F4D1-46D2-9FD3-9EE2845DA14D}.Release|Any CPU.Deploy.0 = Release|Any CPU
		{42E03A12-E0A5-4167-BADA-E8C146A09AB1}.Debug|Any CPU.ActiveCfg = Debug|Any CPU
		{42E03A12-E0A5-4167-BADA-E8C146A09AB1}.Debug|Any CPU.Build.0 = Debug|Any CPU
		{42E03A12-E0A5-4167-BADA-E8C146A09AB1}.Release|Any CPU.ActiveCfg = Release|Any CPU
		{42E03A12-E0A5-4167-BADA-E8C146A09AB1}.Release|Any CPU.Build.0 = Release|Any CPU
	EndGlobalSection
	GlobalSection(SolutionProperties) = preSolution
		HideSolutionNode = FALSE
	EndGlobalSection
	GlobalSection(NestedProjects) = preSolution
		{39040214-2F46-45C5-82BD-F316BA187C54} = {080FB3AF-9FD5-4B1F-95E0-39576478972F}
		{AC26891F-8C01-4076-96EC-CB9FFB13856F} = {080FB3AF-9FD5-4B1F-95E0-39576478972F}
		{353E84FA-8FA5-4FBC-91E0-E023DF3D43CE} = {080FB3AF-9FD5-4B1F-95E0-39576478972F}
		{37363532-8F57-46AD-91E6-B1067A08B5CD} = {106B0813-7F99-44E0-A969-F40BF7829931}
		{C0224014-F6C7-48B2-9B88-C8BC771C4711} = {106B0813-7F99-44E0-A969-F40BF7829931}
		{F9F8732A-B3A9-4F78-B990-3B6830273A1D} = {106B0813-7F99-44E0-A969-F40BF7829931}
		{04B4693C-A618-45EE-8E00-83F617D92D13} = {080FB3AF-9FD5-4B1F-95E0-39576478972F}
		{049775A4-94B8-489B-98A9-0E158F0D16E4} = {04B4693C-A618-45EE-8E00-83F617D92D13}
		{17A4F559-DE63-40CE-B01C-17B940C26FA4} = {04B4693C-A618-45EE-8E00-83F617D92D13}
		{5DDC879D-E1A5-419C-A903-13BA2CA2A6F0} = {04B4693C-A618-45EE-8E00-83F617D92D13}
		{38E7DBB1-F4D1-46D2-9FD3-9EE2845DA14D} = {04B4693C-A618-45EE-8E00-83F617D92D13}
		{42E03A12-E0A5-4167-BADA-E8C146A09AB1} = {04B4693C-A618-45EE-8E00-83F617D92D13}
	EndGlobalSection
	GlobalSection(ExtensibilityGlobals) = postSolution
		SolutionGuid = {A4524224-44FD-45D6-970F-E410741137DE}
	EndGlobalSection
EndGlobal
